
Microsoft Visual Studio Solution File, Format Version 12.00
# Visual Studio Version 16
VisualStudioVersion = 16.0.30406.217
MinimumVisualStudioVersion = 10.0.40219.1
Project("{FAE04EC0-301F-11D3-BF4B-00C04F79EFBC}") = "Elki", "Elki.csproj", "{3A66770D-D51D-4D88-A652-6B8D2F100D03}"
EndProject
Global
	GlobalSection(SolutionConfigurationPlatforms) = preSolution
		Debug|Any CPU = Debug|Any CPU
		Release|Any CPU = Release|Any CPU
	EndGlobalSection
	GlobalSection(ProjectConfigurationPlatforms) = postSolution
		{3A66770D-D51D-4D88-A652-6B8D2F100D03}.Debug|Any CPU.ActiveCfg = Debug|Any CPU
		{3A66770D-D51D-4D88-A652-6B8D2F100D03}.Debug|Any CPU.Build.0 = Debug|Any CPU
		{3A66770D-D51D-4D88-A652-6B8D2F100D03}.Release|Any CPU.ActiveCfg = Release|Any CPU
		{3A66770D-D51D-4D88-A652-6B8D2F100D03}.Release|Any CPU.Build.0 = Release|Any CPU
	EndGlobalSection
	GlobalSection(SolutionProperties) = preSolution
		HideSolutionNode = FALSE
	EndGlobalSection
	GlobalSection(ExtensibilityGlobals) = postSolution
		SolutionGuid = {DDED4F9F-D81B-4398-8742-644AB53525B8}
	EndGlobalSection
EndGlobal
